// !$*UTF8*$!
{
	archiveVersion = 1;
	classes = {
	};
	objectVersion = 50;
	objects = {

/* Begin PBXBuildFile section */
		0A25C3F4E43FC2731E6E3684 /* Pods_Scoutable.framework in Frameworks */ = {isa = PBXBuildFile; fileRef = 1847497075A832D52630A938 /* Pods_Scoutable.framework */; };
		FA035A5521118E3F0040B10D /* DynamicScoutingController.swift in Sources */ = {isa = PBXBuildFile; fileRef = FA035A5421118E3E0040B10D /* DynamicScoutingController.swift */; };
		FA035A59211225780040B10D /* DynamicTemplateController.swift in Sources */ = {isa = PBXBuildFile; fileRef = FA035A58211225780040B10D /* DynamicTemplateController.swift */; };
		FA0BC886210A52340089E1C1 /* BAEvent.swift in Sources */ = {isa = PBXBuildFile; fileRef = FA0BC885210A52340089E1C1 /* BAEvent.swift */; };
		FA0BC88A210A59480089E1C1 /* EventCellView.swift in Sources */ = {isa = PBXBuildFile; fileRef = FA0BC889210A59470089E1C1 /* EventCellView.swift */; };
		FA0BC88E210A811F0089E1C1 /* IndividualTeamController.swift in Sources */ = {isa = PBXBuildFile; fileRef = FA0BC88D210A811F0089E1C1 /* IndividualTeamController.swift */; };
		FA0BC890210A85430089E1C1 /* BATeam.swift in Sources */ = {isa = PBXBuildFile; fileRef = FA0BC88F210A85430089E1C1 /* BATeam.swift */; };
		FA0BC892210ACD6E0089E1C1 /* ScoutDataService.swift in Sources */ = {isa = PBXBuildFile; fileRef = FA0BC891210ACD6E0089E1C1 /* ScoutDataService.swift */; };
		FA0BC895210AD3090089E1C1 /* Constants.swift in Sources */ = {isa = PBXBuildFile; fileRef = FA0BC894210AD3090089E1C1 /* Constants.swift */; };
		FA0BC897210ADD160089E1C1 /* StaticScoutingController.swift in Sources */ = {isa = PBXBuildFile; fileRef = FA0BC896210ADD160089E1C1 /* StaticScoutingController.swift */; };
		FA0BC89B210AE6030089E1C1 /* SettingsController.swift in Sources */ = {isa = PBXBuildFile; fileRef = FA0BC89A210AE6030089E1C1 /* SettingsController.swift */; };
		FA0BC89D210AEE080089E1C1 /* RequestsReceivedController.swift in Sources */ = {isa = PBXBuildFile; fileRef = FA0BC89C210AEE080089E1C1 /* RequestsReceivedController.swift */; };
		FA17B67C2109099C005FEF30 /* UserService.swift in Sources */ = {isa = PBXBuildFile; fileRef = FA17B67B2109099C005FEF30 /* UserService.swift */; };
		FA17B67F210909E0005FEF30 /* User.swift in Sources */ = {isa = PBXBuildFile; fileRef = FA17B67E210909E0005FEF30 /* User.swift */; };
		FA17B68221090AA6005FEF30 /* Storyboard+Utility.swift in Sources */ = {isa = PBXBuildFile; fileRef = FA17B68121090AA6005FEF30 /* Storyboard+Utility.swift */; };
		FA17B68621090CA3005FEF30 /* ScoutTeamController.swift in Sources */ = {isa = PBXBuildFile; fileRef = FA17B68521090CA2005FEF30 /* ScoutTeamController.swift */; };
		FA17B6882109107D005FEF30 /* UsernameController.swift in Sources */ = {isa = PBXBuildFile; fileRef = FA17B6872109107D005FEF30 /* UsernameController.swift */; };
		FA17B68A21093C1B005FEF30 /* TeamCreationController.swift in Sources */ = {isa = PBXBuildFile; fileRef = FA17B68921093C1B005FEF30 /* TeamCreationController.swift */; };
		FA17B68E21093F1F005FEF30 /* ScoutTeamService.swift in Sources */ = {isa = PBXBuildFile; fileRef = FA17B68D21093F1F005FEF30 /* ScoutTeamService.swift */; };
		FA41D73621126F2800BE50EE /* ScoutTeamRequestCellView.swift in Sources */ = {isa = PBXBuildFile; fileRef = FA41D73521126F2800BE50EE /* ScoutTeamRequestCellView.swift */; };
		FA41D73821126F8E00BE50EE /* RequestsSentController.swift in Sources */ = {isa = PBXBuildFile; fileRef = FA41D73721126F8E00BE50EE /* RequestsSentController.swift */; };
		FA41D73A211270A300BE50EE /* UsersController.swift in Sources */ = {isa = PBXBuildFile; fileRef = FA41D739211270A300BE50EE /* UsersController.swift */; };
		FA41D73E2112724700BE50EE /* UserCellView.swift in Sources */ = {isa = PBXBuildFile; fileRef = FA41D73D2112724600BE50EE /* UserCellView.swift */; };
		FA41D7422112785900BE50EE /* CurrentScoutTeamCell.swift in Sources */ = {isa = PBXBuildFile; fileRef = FA41D7412112785800BE50EE /* CurrentScoutTeamCell.swift */; };
		FA41D7462112926F00BE50EE /* MakeRequestController.swift in Sources */ = {isa = PBXBuildFile; fileRef = FA41D7452112926F00BE50EE /* MakeRequestController.swift */; };
		FA64971A21095758002A40C1 /* BlueAllianceAPIService.swift in Sources */ = {isa = PBXBuildFile; fileRef = FA64971921095758002A40C1 /* BlueAllianceAPIService.swift */; };
		FA64971C210957C0002A40C1 /* BATeamSimple.swift in Sources */ = {isa = PBXBuildFile; fileRef = FA64971B210957C0002A40C1 /* BATeamSimple.swift */; };
		FA64972121096813002A40C1 /* TeamCellView.swift in Sources */ = {isa = PBXBuildFile; fileRef = FA64972021096813002A40C1 /* TeamCellView.swift */; };
		FA649729210A3E6D002A40C1 /* NoPersonalTeamCellView.swift in Sources */ = {isa = PBXBuildFile; fileRef = FA649728210A3E6D002A40C1 /* NoPersonalTeamCellView.swift */; };
		FAB059782108F34100ABED45 /* AppDelegate.swift in Sources */ = {isa = PBXBuildFile; fileRef = FAB059772108F34100ABED45 /* AppDelegate.swift */; };
		FAB0597A2108F34100ABED45 /* TeamsController.swift in Sources */ = {isa = PBXBuildFile; fileRef = FAB059792108F34100ABED45 /* TeamsController.swift */; };
		FAB0597D2108F34100ABED45 /* Main.storyboard in Resources */ = {isa = PBXBuildFile; fileRef = FAB0597B2108F34100ABED45 /* Main.storyboard */; };
		FAB059802108F34100ABED45 /* Scoutable.xcdatamodeld in Sources */ = {isa = PBXBuildFile; fileRef = FAB0597E2108F34100ABED45 /* Scoutable.xcdatamodeld */; };
		FAB059822108F34300ABED45 /* Assets.xcassets in Resources */ = {isa = PBXBuildFile; fileRef = FAB059812108F34300ABED45 /* Assets.xcassets */; };
		FAB059852108F34300ABED45 /* LaunchScreen.storyboard in Resources */ = {isa = PBXBuildFile; fileRef = FAB059832108F34300ABED45 /* LaunchScreen.storyboard */; };
		FAB0598F2108F4B800ABED45 /* GoogleService-Info.plist in Resources */ = {isa = PBXBuildFile; fileRef = FAB0598E2108F4B800ABED45 /* GoogleService-Info.plist */; };
		FAD2B672210E4D7600320DFB /* StatictTemplateController.swift in Sources */ = {isa = PBXBuildFile; fileRef = FAD2B671210E4D7500320DFB /* StatictTemplateController.swift */; };
		FAD2B674210E544900320DFB /* StepperTemplateCellView.swift in Sources */ = {isa = PBXBuildFile; fileRef = FAD2B673210E544900320DFB /* StepperTemplateCellView.swift */; };
		FAD2B676210E54C900320DFB /* SwitchTemplateCellView.swift in Sources */ = {isa = PBXBuildFile; fileRef = FAD2B675210E54C900320DFB /* SwitchTemplateCellView.swift */; };
		FAD2B678210E552D00320DFB /* NoteTemplateCellView.swift in Sources */ = {isa = PBXBuildFile; fileRef = FAD2B677210E552D00320DFB /* NoteTemplateCellView.swift */; };
		FAD2B67C210E59FB00320DFB /* NumpadTemplateCellView.swift in Sources */ = {isa = PBXBuildFile; fileRef = FAD2B67B210E59FB00320DFB /* NumpadTemplateCellView.swift */; };
		FAD2B67E210E691200320DFB /* ScoutTemplateCell.swift in Sources */ = {isa = PBXBuildFile; fileRef = FAD2B67D210E691200320DFB /* ScoutTemplateCell.swift */; };
		FADA6D112110D00F00C78618 /* MatchesController.swift in Sources */ = {isa = PBXBuildFile; fileRef = FADA6D102110D00F00C78618 /* MatchesController.swift */; };
		FADA6D152110D93900C78618 /* filter-icon.png in Resources */ = {isa = PBXBuildFile; fileRef = FADA6D142110D93800C78618 /* filter-icon.png */; };
		FADA6D192110F82400C78618 /* StatCellView.swift in Sources */ = {isa = PBXBuildFile; fileRef = FADA6D182110F82300C78618 /* StatCellView.swift */; };
		FADA6D1E2110F9E600C78618 /* IndividualMatchController.swift in Sources */ = {isa = PBXBuildFile; fileRef = FADA6D1D2110F9E600C78618 /* IndividualMatchController.swift */; };
		FADA6D202111726300C78618 /* ChooseTeamCellView.swift in Sources */ = {isa = PBXBuildFile; fileRef = FADA6D1F2111726300C78618 /* ChooseTeamCellView.swift */; };
		FADA6D222111743B00C78618 /* ChooseScoutingTeamController.swift in Sources */ = {isa = PBXBuildFile; fileRef = FADA6D212111743B00C78618 /* ChooseScoutingTeamController.swift */; };
		FADCDA45210EEA790044E841 /* NoteCellView.swift in Sources */ = {isa = PBXBuildFile; fileRef = FADCDA44210EEA790044E841 /* NoteCellView.swift */; };
		FADCDA47210EEA880044E841 /* StepperCellView.swift in Sources */ = {isa = PBXBuildFile; fileRef = FADCDA46210EEA880044E841 /* StepperCellView.swift */; };
		FADCDA49210EEA980044E841 /* SwitchCellView.swift in Sources */ = {isa = PBXBuildFile; fileRef = FADCDA48210EEA980044E841 /* SwitchCellView.swift */; };
		FADCDA4B210EEAAA0044E841 /* NumpadCellView.swift in Sources */ = {isa = PBXBuildFile; fileRef = FADCDA4A210EEAAA0044E841 /* NumpadCellView.swift */; };
		FADCDA4D210F853E0044E841 /* ScoutCell.swift in Sources */ = {isa = PBXBuildFile; fileRef = FADCDA4C210F853E0044E841 /* ScoutCell.swift */; };
		FAE11505210907D600BAEFB7 /* Login.storyboard in Resources */ = {isa = PBXBuildFile; fileRef = FAE11504210907D600BAEFB7 /* Login.storyboard */; };
		FAE115072109084700BAEFB7 /* LoginViewController.swift in Sources */ = {isa = PBXBuildFile; fileRef = FAE115062109084700BAEFB7 /* LoginViewController.swift */; };
		FAE1343D210CEDFE00CF69BE /* MatchCellView.swift in Sources */ = {isa = PBXBuildFile; fileRef = FAE1343C210CEDFE00CF69BE /* MatchCellView.swift */; };
		FAE13441210CF0B700CF69BE /* SeperatorCellView.swift in Sources */ = {isa = PBXBuildFile; fileRef = FAE13440210CF0B600CF69BE /* SeperatorCellView.swift */; };
		FAE1344B210D023C00CF69BE /* TeamsAtEventController.swift in Sources */ = {isa = PBXBuildFile; fileRef = FAE1344A210D023C00CF69BE /* TeamsAtEventController.swift */; };
		FAE1344D210D061400CF69BE /* EventTeamCellView.swift in Sources */ = {isa = PBXBuildFile; fileRef = FAE1344C210D061400CF69BE /* EventTeamCellView.swift */; };
		FAE975C0210B0C6800E2A951 /* ReceivedRequestCellView.swift in Sources */ = {isa = PBXBuildFile; fileRef = FAE975BF210B0C6800E2A951 /* ReceivedRequestCellView.swift */; };
		FAE975C4210B6FB000E2A951 /* ChangeRoboticsTeamController.swift in Sources */ = {isa = PBXBuildFile; fileRef = FAE975C3210B6FB000E2A951 /* ChangeRoboticsTeamController.swift */; };
		FAE975C6210B9EFA00E2A951 /* DistrictCellView.swift in Sources */ = {isa = PBXBuildFile; fileRef = FAE975C5210B9EFA00E2A951 /* DistrictCellView.swift */; };
		FAE975C8210B9F9300E2A951 /* BADistrict.swift in Sources */ = {isa = PBXBuildFile; fileRef = FAE975C7210B9F9300E2A951 /* BADistrict.swift */; };
		FAE975CC210BA4A000E2A951 /* DistrictsViewController.swift in Sources */ = {isa = PBXBuildFile; fileRef = FAE975CB210BA4A000E2A951 /* DistrictsViewController.swift */; };
		FAE975CE210BBFC700E2A951 /* YourEventsController.swift in Sources */ = {isa = PBXBuildFile; fileRef = FAE975CD210BBFC700E2A951 /* YourEventsController.swift */; };
		FAE975D2210BC32A00E2A951 /* EventsController.swift in Sources */ = {isa = PBXBuildFile; fileRef = FAE975D1210BC32A00E2A951 /* EventsController.swift */; };
		FAE975D4210BCF3F00E2A951 /* IndividualEventController.swift in Sources */ = {isa = PBXBuildFile; fileRef = FAE975D3210BCF3F00E2A951 /* IndividualEventController.swift */; };
/* End PBXBuildFile section */

/* Begin PBXFileReference section */
		1847497075A832D52630A938 /* Pods_Scoutable.framework */ = {isa = PBXFileReference; explicitFileType = wrapper.framework; includeInIndex = 0; path = Pods_Scoutable.framework; sourceTree = BUILT_PRODUCTS_DIR; };
		DC1EFCAA12612E1B31142F4B /* Pods-Scoutable.debug.xcconfig */ = {isa = PBXFileReference; includeInIndex = 1; lastKnownFileType = text.xcconfig; name = "Pods-Scoutable.debug.xcconfig"; path = "Pods/Target Support Files/Pods-Scoutable/Pods-Scoutable.debug.xcconfig"; sourceTree = "<group>"; };
		F65E5F5A969B242D7D2AFB91 /* Pods-Scoutable.release.xcconfig */ = {isa = PBXFileReference; includeInIndex = 1; lastKnownFileType = text.xcconfig; name = "Pods-Scoutable.release.xcconfig"; path = "Pods/Target Support Files/Pods-Scoutable/Pods-Scoutable.release.xcconfig"; sourceTree = "<group>"; };
		FA035A5421118E3E0040B10D /* DynamicScoutingController.swift */ = {isa = PBXFileReference; fileEncoding = 4; lastKnownFileType = sourcecode.swift; path = DynamicScoutingController.swift; sourceTree = "<group>"; };
		FA035A58211225780040B10D /* DynamicTemplateController.swift */ = {isa = PBXFileReference; fileEncoding = 4; lastKnownFileType = sourcecode.swift; path = DynamicTemplateController.swift; sourceTree = "<group>"; };
		FA0BC885210A52340089E1C1 /* BAEvent.swift */ = {isa = PBXFileReference; lastKnownFileType = sourcecode.swift; path = BAEvent.swift; sourceTree = "<group>"; };
		FA0BC889210A59470089E1C1 /* EventCellView.swift */ = {isa = PBXFileReference; fileEncoding = 4; lastKnownFileType = sourcecode.swift; path = EventCellView.swift; sourceTree = "<group>"; };
		FA0BC88D210A811F0089E1C1 /* IndividualTeamController.swift */ = {isa = PBXFileReference; fileEncoding = 4; lastKnownFileType = sourcecode.swift; path = IndividualTeamController.swift; sourceTree = "<group>"; };
		FA0BC88F210A85430089E1C1 /* BATeam.swift */ = {isa = PBXFileReference; lastKnownFileType = sourcecode.swift; path = BATeam.swift; sourceTree = "<group>"; };
		FA0BC891210ACD6E0089E1C1 /* ScoutDataService.swift */ = {isa = PBXFileReference; lastKnownFileType = sourcecode.swift; path = ScoutDataService.swift; sourceTree = "<group>"; };
		FA0BC894210AD3090089E1C1 /* Constants.swift */ = {isa = PBXFileReference; lastKnownFileType = sourcecode.swift; path = Constants.swift; sourceTree = "<group>"; };
		FA0BC896210ADD160089E1C1 /* StaticScoutingController.swift */ = {isa = PBXFileReference; lastKnownFileType = sourcecode.swift; path = StaticScoutingController.swift; sourceTree = "<group>"; };
		FA0BC89A210AE6030089E1C1 /* SettingsController.swift */ = {isa = PBXFileReference; fileEncoding = 4; lastKnownFileType = sourcecode.swift; path = SettingsController.swift; sourceTree = "<group>"; };
		FA0BC89C210AEE080089E1C1 /* RequestsReceivedController.swift */ = {isa = PBXFileReference; lastKnownFileType = sourcecode.swift; path = RequestsReceivedController.swift; sourceTree = "<group>"; };
		FA17B67B2109099C005FEF30 /* UserService.swift */ = {isa = PBXFileReference; lastKnownFileType = sourcecode.swift; path = UserService.swift; sourceTree = "<group>"; };
		FA17B67E210909E0005FEF30 /* User.swift */ = {isa = PBXFileReference; lastKnownFileType = sourcecode.swift; path = User.swift; sourceTree = "<group>"; };
		FA17B68121090AA6005FEF30 /* Storyboard+Utility.swift */ = {isa = PBXFileReference; lastKnownFileType = sourcecode.swift; path = "Storyboard+Utility.swift"; sourceTree = "<group>"; };
		FA17B68521090CA2005FEF30 /* ScoutTeamController.swift */ = {isa = PBXFileReference; fileEncoding = 4; lastKnownFileType = sourcecode.swift; path = ScoutTeamController.swift; sourceTree = "<group>"; };
		FA17B6872109107D005FEF30 /* UsernameController.swift */ = {isa = PBXFileReference; lastKnownFileType = sourcecode.swift; path = UsernameController.swift; sourceTree = "<group>"; };
		FA17B68921093C1B005FEF30 /* TeamCreationController.swift */ = {isa = PBXFileReference; lastKnownFileType = sourcecode.swift; path = TeamCreationController.swift; sourceTree = "<group>"; };
		FA17B68D21093F1F005FEF30 /* ScoutTeamService.swift */ = {isa = PBXFileReference; lastKnownFileType = sourcecode.swift; path = ScoutTeamService.swift; sourceTree = "<group>"; };
		FA41D73521126F2800BE50EE /* ScoutTeamRequestCellView.swift */ = {isa = PBXFileReference; fileEncoding = 4; lastKnownFileType = sourcecode.swift; path = ScoutTeamRequestCellView.swift; sourceTree = "<group>"; };
		FA41D73721126F8E00BE50EE /* RequestsSentController.swift */ = {isa = PBXFileReference; lastKnownFileType = sourcecode.swift; path = RequestsSentController.swift; sourceTree = "<group>"; };
		FA41D739211270A300BE50EE /* UsersController.swift */ = {isa = PBXFileReference; lastKnownFileType = sourcecode.swift; path = UsersController.swift; sourceTree = "<group>"; };
		FA41D73D2112724600BE50EE /* UserCellView.swift */ = {isa = PBXFileReference; fileEncoding = 4; lastKnownFileType = sourcecode.swift; path = UserCellView.swift; sourceTree = "<group>"; };
		FA41D7412112785800BE50EE /* CurrentScoutTeamCell.swift */ = {isa = PBXFileReference; fileEncoding = 4; lastKnownFileType = sourcecode.swift; path = CurrentScoutTeamCell.swift; sourceTree = "<group>"; };
		FA41D7452112926F00BE50EE /* MakeRequestController.swift */ = {isa = PBXFileReference; fileEncoding = 4; lastKnownFileType = sourcecode.swift; path = MakeRequestController.swift; sourceTree = "<group>"; };
		FA64971921095758002A40C1 /* BlueAllianceAPIService.swift */ = {isa = PBXFileReference; lastKnownFileType = sourcecode.swift; path = BlueAllianceAPIService.swift; sourceTree = "<group>"; };
		FA64971B210957C0002A40C1 /* BATeamSimple.swift */ = {isa = PBXFileReference; lastKnownFileType = sourcecode.swift; path = BATeamSimple.swift; sourceTree = "<group>"; };
		FA64972021096813002A40C1 /* TeamCellView.swift */ = {isa = PBXFileReference; fileEncoding = 4; lastKnownFileType = sourcecode.swift; path = TeamCellView.swift; sourceTree = "<group>"; };
		FA649728210A3E6D002A40C1 /* NoPersonalTeamCellView.swift */ = {isa = PBXFileReference; lastKnownFileType = sourcecode.swift; path = NoPersonalTeamCellView.swift; sourceTree = "<group>"; };
		FAB059742108F34100ABED45 /* Scoutable.app */ = {isa = PBXFileReference; explicitFileType = wrapper.application; includeInIndex = 0; path = Scoutable.app; sourceTree = BUILT_PRODUCTS_DIR; };
		FAB059772108F34100ABED45 /* AppDelegate.swift */ = {isa = PBXFileReference; lastKnownFileType = sourcecode.swift; path = AppDelegate.swift; sourceTree = "<group>"; };
		FAB059792108F34100ABED45 /* TeamsController.swift */ = {isa = PBXFileReference; lastKnownFileType = sourcecode.swift; path = TeamsController.swift; sourceTree = "<group>"; };
		FAB0597C2108F34100ABED45 /* Base */ = {isa = PBXFileReference; lastKnownFileType = file.storyboard; name = Base; path = Base.lproj/Main.storyboard; sourceTree = "<group>"; };
		FAB0597F2108F34100ABED45 /* Scoutable.xcdatamodel */ = {isa = PBXFileReference; lastKnownFileType = wrapper.xcdatamodel; path = Scoutable.xcdatamodel; sourceTree = "<group>"; };
		FAB059812108F34300ABED45 /* Assets.xcassets */ = {isa = PBXFileReference; lastKnownFileType = folder.assetcatalog; path = Assets.xcassets; sourceTree = "<group>"; };
		FAB059842108F34300ABED45 /* Base */ = {isa = PBXFileReference; lastKnownFileType = file.storyboard; name = Base; path = Base.lproj/LaunchScreen.storyboard; sourceTree = "<group>"; };
		FAB059862108F34400ABED45 /* Info.plist */ = {isa = PBXFileReference; lastKnownFileType = text.plist.xml; path = Info.plist; sourceTree = "<group>"; };
		FAB0598E2108F4B800ABED45 /* GoogleService-Info.plist */ = {isa = PBXFileReference; fileEncoding = 4; lastKnownFileType = text.plist.xml; path = "GoogleService-Info.plist"; sourceTree = "<group>"; };
		FAD2B671210E4D7500320DFB /* StatictTemplateController.swift */ = {isa = PBXFileReference; fileEncoding = 4; lastKnownFileType = sourcecode.swift; path = StatictTemplateController.swift; sourceTree = "<group>"; };
		FAD2B673210E544900320DFB /* StepperTemplateCellView.swift */ = {isa = PBXFileReference; lastKnownFileType = sourcecode.swift; path = StepperTemplateCellView.swift; sourceTree = "<group>"; };
		FAD2B675210E54C900320DFB /* SwitchTemplateCellView.swift */ = {isa = PBXFileReference; lastKnownFileType = sourcecode.swift; path = SwitchTemplateCellView.swift; sourceTree = "<group>"; };
		FAD2B677210E552D00320DFB /* NoteTemplateCellView.swift */ = {isa = PBXFileReference; lastKnownFileType = sourcecode.swift; path = NoteTemplateCellView.swift; sourceTree = "<group>"; };
		FAD2B67B210E59FB00320DFB /* NumpadTemplateCellView.swift */ = {isa = PBXFileReference; fileEncoding = 4; lastKnownFileType = sourcecode.swift; path = NumpadTemplateCellView.swift; sourceTree = "<group>"; };
		FAD2B67D210E691200320DFB /* ScoutTemplateCell.swift */ = {isa = PBXFileReference; lastKnownFileType = sourcecode.swift; path = ScoutTemplateCell.swift; sourceTree = "<group>"; };
		FADA6D102110D00F00C78618 /* MatchesController.swift */ = {isa = PBXFileReference; lastKnownFileType = sourcecode.swift; path = MatchesController.swift; sourceTree = "<group>"; };
		FADA6D142110D93800C78618 /* filter-icon.png */ = {isa = PBXFileReference; lastKnownFileType = image.png; path = "filter-icon.png"; sourceTree = "<group>"; };
		FADA6D182110F82300C78618 /* StatCellView.swift */ = {isa = PBXFileReference; fileEncoding = 4; lastKnownFileType = sourcecode.swift; path = StatCellView.swift; sourceTree = "<group>"; };
		FADA6D1D2110F9E600C78618 /* IndividualMatchController.swift */ = {isa = PBXFileReference; fileEncoding = 4; lastKnownFileType = sourcecode.swift; path = IndividualMatchController.swift; sourceTree = "<group>"; };
		FADA6D1F2111726300C78618 /* ChooseTeamCellView.swift */ = {isa = PBXFileReference; lastKnownFileType = sourcecode.swift; path = ChooseTeamCellView.swift; sourceTree = "<group>"; };
		FADA6D212111743B00C78618 /* ChooseScoutingTeamController.swift */ = {isa = PBXFileReference; lastKnownFileType = sourcecode.swift; path = ChooseScoutingTeamController.swift; sourceTree = "<group>"; };
		FADCDA44210EEA790044E841 /* NoteCellView.swift */ = {isa = PBXFileReference; lastKnownFileType = sourcecode.swift; path = NoteCellView.swift; sourceTree = "<group>"; };
		FADCDA46210EEA880044E841 /* StepperCellView.swift */ = {isa = PBXFileReference; lastKnownFileType = sourcecode.swift; path = StepperCellView.swift; sourceTree = "<group>"; };
		FADCDA48210EEA980044E841 /* SwitchCellView.swift */ = {isa = PBXFileReference; lastKnownFileType = sourcecode.swift; path = SwitchCellView.swift; sourceTree = "<group>"; };
		FADCDA4A210EEAAA0044E841 /* NumpadCellView.swift */ = {isa = PBXFileReference; lastKnownFileType = sourcecode.swift; path = NumpadCellView.swift; sourceTree = "<group>"; };
		FADCDA4C210F853E0044E841 /* ScoutCell.swift */ = {isa = PBXFileReference; lastKnownFileType = sourcecode.swift; path = ScoutCell.swift; sourceTree = "<group>"; };
		FAE11504210907D600BAEFB7 /* Login.storyboard */ = {isa = PBXFileReference; lastKnownFileType = file.storyboard; path = Login.storyboard; sourceTree = "<group>"; };
		FAE115062109084700BAEFB7 /* LoginViewController.swift */ = {isa = PBXFileReference; lastKnownFileType = sourcecode.swift; path = LoginViewController.swift; sourceTree = "<group>"; };
		FAE1343C210CEDFE00CF69BE /* MatchCellView.swift */ = {isa = PBXFileReference; fileEncoding = 4; lastKnownFileType = sourcecode.swift; path = MatchCellView.swift; sourceTree = "<group>"; };
		FAE13440210CF0B600CF69BE /* SeperatorCellView.swift */ = {isa = PBXFileReference; fileEncoding = 4; lastKnownFileType = sourcecode.swift; path = SeperatorCellView.swift; sourceTree = "<group>"; };
		FAE1344A210D023C00CF69BE /* TeamsAtEventController.swift */ = {isa = PBXFileReference; lastKnownFileType = sourcecode.swift; path = TeamsAtEventController.swift; sourceTree = "<group>"; };
		FAE1344C210D061400CF69BE /* EventTeamCellView.swift */ = {isa = PBXFileReference; lastKnownFileType = sourcecode.swift; path = EventTeamCellView.swift; sourceTree = "<group>"; };
		FAE975BF210B0C6800E2A951 /* ReceivedRequestCellView.swift */ = {isa = PBXFileReference; lastKnownFileType = sourcecode.swift; path = ReceivedRequestCellView.swift; sourceTree = "<group>"; };
		FAE975C3210B6FB000E2A951 /* ChangeRoboticsTeamController.swift */ = {isa = PBXFileReference; lastKnownFileType = sourcecode.swift; path = ChangeRoboticsTeamController.swift; sourceTree = "<group>"; };
		FAE975C5210B9EFA00E2A951 /* DistrictCellView.swift */ = {isa = PBXFileReference; lastKnownFileType = sourcecode.swift; path = DistrictCellView.swift; sourceTree = "<group>"; };
		FAE975C7210B9F9300E2A951 /* BADistrict.swift */ = {isa = PBXFileReference; lastKnownFileType = sourcecode.swift; path = BADistrict.swift; sourceTree = "<group>"; };
		FAE975CB210BA4A000E2A951 /* DistrictsViewController.swift */ = {isa = PBXFileReference; fileEncoding = 4; lastKnownFileType = sourcecode.swift; path = DistrictsViewController.swift; sourceTree = "<group>"; };
		FAE975CD210BBFC700E2A951 /* YourEventsController.swift */ = {isa = PBXFileReference; fileEncoding = 4; lastKnownFileType = sourcecode.swift; path = YourEventsController.swift; sourceTree = "<group>"; };
		FAE975D1210BC32A00E2A951 /* EventsController.swift */ = {isa = PBXFileReference; fileEncoding = 4; lastKnownFileType = sourcecode.swift; path = EventsController.swift; sourceTree = "<group>"; };
		FAE975D3210BCF3F00E2A951 /* IndividualEventController.swift */ = {isa = PBXFileReference; lastKnownFileType = sourcecode.swift; path = IndividualEventController.swift; sourceTree = "<group>"; };
/* End PBXFileReference section */

/* Begin PBXFrameworksBuildPhase section */
		FAB059712108F34100ABED45 /* Frameworks */ = {
			isa = PBXFrameworksBuildPhase;
			buildActionMask = 2147483647;
			files = (
				0A25C3F4E43FC2731E6E3684 /* Pods_Scoutable.framework in Frameworks */,
			);
			runOnlyForDeploymentPostprocessing = 0;
		};
/* End PBXFrameworksBuildPhase section */

/* Begin PBXGroup section */
		171E3063BD2FD7D5BBFFA4B2 /* Pods */ = {
			isa = PBXGroup;
			children = (
				DC1EFCAA12612E1B31142F4B /* Pods-Scoutable.debug.xcconfig */,
				F65E5F5A969B242D7D2AFB91 /* Pods-Scoutable.release.xcconfig */,
			);
			name = Pods;
			sourceTree = "<group>";
		};
		7378365414098F5A3A6E6884 /* Frameworks */ = {
			isa = PBXGroup;
			children = (
				1847497075A832D52630A938 /* Pods_Scoutable.framework */,
			);
			name = Frameworks;
			sourceTree = "<group>";
		};
		FA0BC893210AD11B0089E1C1 /* Constants */ = {
			isa = PBXGroup;
			children = (
				FA0BC894210AD3090089E1C1 /* Constants.swift */,
			);
			path = Constants;
			sourceTree = "<group>";
		};
		FA17B67A2109096B005FEF30 /* Services */ = {
			isa = PBXGroup;
			children = (
				FA17B67B2109099C005FEF30 /* UserService.swift */,
				FA17B68D21093F1F005FEF30 /* ScoutTeamService.swift */,
				FA0BC891210ACD6E0089E1C1 /* ScoutDataService.swift */,
				FA64971921095758002A40C1 /* BlueAllianceAPIService.swift */,
			);
			path = Services;
			sourceTree = "<group>";
		};
		FA17B67D210909D5005FEF30 /* Models */ = {
			isa = PBXGroup;
			children = (
				FADA6D182110F82300C78618 /* StatCellView.swift */,
				FA17B67E210909E0005FEF30 /* User.swift */,
				FA64971B210957C0002A40C1 /* BATeamSimple.swift */,
				FA0BC885210A52340089E1C1 /* BAEvent.swift */,
				FA0BC88F210A85430089E1C1 /* BATeam.swift */,
				FADCDA4C210F853E0044E841 /* ScoutCell.swift */,
				FAE975C7210B9F9300E2A951 /* BADistrict.swift */,
				FAD2B67D210E691200320DFB /* ScoutTemplateCell.swift */,
			);
			path = Models;
			sourceTree = "<group>";
		};
		FA17B68021090A93005FEF30 /* Extensions */ = {
			isa = PBXGroup;
			children = (
				FA17B68121090AA6005FEF30 /* Storyboard+Utility.swift */,
			);
			path = Extensions;
			sourceTree = "<group>";
		};
		FA64971D210967A6002A40C1 /* Views */ = {
			isa = PBXGroup;
			children = (
				FA41D7412112785800BE50EE /* CurrentScoutTeamCell.swift */,
				FA41D73D2112724600BE50EE /* UserCellView.swift */,
				FA41D73521126F2800BE50EE /* ScoutTeamRequestCellView.swift */,
				FADCDA43210EE9FE0044E841 /* ScoutCells */,
				FADCDA42210EE9EA0044E841 /* ScoutTemplateCells */,
				FAE13440210CF0B600CF69BE /* SeperatorCellView.swift */,
				FAE1343C210CEDFE00CF69BE /* MatchCellView.swift */,
				FA0BC889210A59470089E1C1 /* EventCellView.swift */,
				FA64972021096813002A40C1 /* TeamCellView.swift */,
				FA649728210A3E6D002A40C1 /* NoPersonalTeamCellView.swift */,
				FAE975BF210B0C6800E2A951 /* ReceivedRequestCellView.swift */,
				FAE975C5210B9EFA00E2A951 /* DistrictCellView.swift */,
				FAE1344C210D061400CF69BE /* EventTeamCellView.swift */,
				FADA6D1F2111726300C78618 /* ChooseTeamCellView.swift */,
			);
			path = Views;
			sourceTree = "<group>";
		};
		FAB0596B2108F34100ABED45 = {
			isa = PBXGroup;
			children = (
				FAB059762108F34100ABED45 /* Scoutable */,
				FAB059752108F34100ABED45 /* Products */,
				171E3063BD2FD7D5BBFFA4B2 /* Pods */,
				7378365414098F5A3A6E6884 /* Frameworks */,
			);
			sourceTree = "<group>";
		};
		FAB059752108F34100ABED45 /* Products */ = {
			isa = PBXGroup;
			children = (
				FAB059742108F34100ABED45 /* Scoutable.app */,
			);
			name = Products;
			sourceTree = "<group>";
		};
		FAB059762108F34100ABED45 /* Scoutable */ = {
			isa = PBXGroup;
			children = (
				FAB059772108F34100ABED45 /* AppDelegate.swift */,
				FA0BC893210AD11B0089E1C1 /* Constants */,
				FA64971D210967A6002A40C1 /* Views */,
				FA17B68021090A93005FEF30 /* Extensions */,
				FA17B67D210909D5005FEF30 /* Models */,
				FA17B67A2109096B005FEF30 /* Services */,
				FAB0598D2108F43A00ABED45 /* Storyboards */,
				FAB0598C2108F43400ABED45 /* Controllers */,
				FAB059862108F34400ABED45 /* Info.plist */,
				FAB059812108F34300ABED45 /* Assets.xcassets */,
				FADA6D142110D93800C78618 /* filter-icon.png */,
				FAB0598E2108F4B800ABED45 /* GoogleService-Info.plist */,
				FAB0597E2108F34100ABED45 /* Scoutable.xcdatamodeld */,
			);
			path = Scoutable;
			sourceTree = "<group>";
		};
		FAB0598C2108F43400ABED45 /* Controllers */ = {
			isa = PBXGroup;
			children = (
				FADA6D1A2110F88700C78618 /* Matches */,
				FAE13449210D004C00CF69BE /* Scouting */,
				FAE13448210D003A00CF69BE /* Login */,
				FAE13447210D001C00CF69BE /* Districts */,
				FAE13446210D001800CF69BE /* Events */,
				FAE13445210D001200CF69BE /* Settings */,
				FAE13444210D000B00CF69BE /* Teams */,
			);
			path = Controllers;
			sourceTree = "<group>";
		};
		FAB0598D2108F43A00ABED45 /* Storyboards */ = {
			isa = PBXGroup;
			children = (
				FAB059832108F34300ABED45 /* LaunchScreen.storyboard */,
				FAB0597B2108F34100ABED45 /* Main.storyboard */,
				FAE11504210907D600BAEFB7 /* Login.storyboard */,
			);
			path = Storyboards;
			sourceTree = "<group>";
		};
		FADA6D1A2110F88700C78618 /* Matches */ = {
			isa = PBXGroup;
			children = (
				FADA6D1D2110F9E600C78618 /* IndividualMatchController.swift */,
				FADA6D102110D00F00C78618 /* MatchesController.swift */,
			);
			path = Matches;
			sourceTree = "<group>";
		};
		FADCDA42210EE9EA0044E841 /* ScoutTemplateCells */ = {
			isa = PBXGroup;
			children = (
				FAD2B677210E552D00320DFB /* NoteTemplateCellView.swift */,
				FAD2B673210E544900320DFB /* StepperTemplateCellView.swift */,
				FAD2B675210E54C900320DFB /* SwitchTemplateCellView.swift */,
				FAD2B67B210E59FB00320DFB /* NumpadTemplateCellView.swift */,
			);
			path = ScoutTemplateCells;
			sourceTree = "<group>";
		};
		FADCDA43210EE9FE0044E841 /* ScoutCells */ = {
			isa = PBXGroup;
			children = (
				FADCDA44210EEA790044E841 /* NoteCellView.swift */,
				FADCDA46210EEA880044E841 /* StepperCellView.swift */,
				FADCDA48210EEA980044E841 /* SwitchCellView.swift */,
				FADCDA4A210EEAAA0044E841 /* NumpadCellView.swift */,
			);
			path = ScoutCells;
			sourceTree = "<group>";
		};
		FAE13444210D000B00CF69BE /* Teams */ = {
			isa = PBXGroup;
			children = (
				FA0BC88D210A811F0089E1C1 /* IndividualTeamController.swift */,
				FAB059792108F34100ABED45 /* TeamsController.swift */,
				FAE1344A210D023C00CF69BE /* TeamsAtEventController.swift */,
			);
			path = Teams;
			sourceTree = "<group>";
		};
		FAE13445210D001200CF69BE /* Settings */ = {
			isa = PBXGroup;
			children = (
				FA41D7452112926F00BE50EE /* MakeRequestController.swift */,
				FA0BC89A210AE6030089E1C1 /* SettingsController.swift */,
				FA0BC89C210AEE080089E1C1 /* RequestsReceivedController.swift */,
				FAE975C3210B6FB000E2A951 /* ChangeRoboticsTeamController.swift */,
				FA41D73721126F8E00BE50EE /* RequestsSentController.swift */,
				FA41D739211270A300BE50EE /* UsersController.swift */,
			);
			path = Settings;
			sourceTree = "<group>";
		};
		FAE13446210D001800CF69BE /* Events */ = {
			isa = PBXGroup;
			children = (
				FAE975D1210BC32A00E2A951 /* EventsController.swift */,
				FAE975CD210BBFC700E2A951 /* YourEventsController.swift */,
				FAE975D3210BCF3F00E2A951 /* IndividualEventController.swift */,
			);
			path = Events;
			sourceTree = "<group>";
		};
		FAE13447210D001C00CF69BE /* Districts */ = {
			isa = PBXGroup;
			children = (
				FAE975CB210BA4A000E2A951 /* DistrictsViewController.swift */,
			);
			path = Districts;
			sourceTree = "<group>";
		};
		FAE13448210D003A00CF69BE /* Login */ = {
			isa = PBXGroup;
			children = (
				FA17B68521090CA2005FEF30 /* ScoutTeamController.swift */,
				FA17B6872109107D005FEF30 /* UsernameController.swift */,
				FAE115062109084700BAEFB7 /* LoginViewController.swift */,
				FA17B68921093C1B005FEF30 /* TeamCreationController.swift */,
			);
			path = Login;
			sourceTree = "<group>";
		};
		FAE13449210D004C00CF69BE /* Scouting */ = {
			isa = PBXGroup;
			children = (
				FA035A58211225780040B10D /* DynamicTemplateController.swift */,
				FA035A5421118E3E0040B10D /* DynamicScoutingController.swift */,
				FAD2B671210E4D7500320DFB /* StatictTemplateController.swift */,
				FA0BC896210ADD160089E1C1 /* StaticScoutingController.swift */,
				FADA6D212111743B00C78618 /* ChooseScoutingTeamController.swift */,
			);
			path = Scouting;
			sourceTree = "<group>";
		};
/* End PBXGroup section */

/* Begin PBXNativeTarget section */
		FAB059732108F34100ABED45 /* Scoutable */ = {
			isa = PBXNativeTarget;
			buildConfigurationList = FAB059892108F34400ABED45 /* Build configuration list for PBXNativeTarget "Scoutable" */;
			buildPhases = (
				C146CF0CBBB785D21A54AADB /* [CP] Check Pods Manifest.lock */,
				FAB059702108F34100ABED45 /* Sources */,
				FAB059712108F34100ABED45 /* Frameworks */,
				FAB059722108F34100ABED45 /* Resources */,
				87A5074E99F9048D3CFF2FDD /* [CP] Embed Pods Frameworks */,
				AD44238AE2A95805309BC96D /* [CP] Copy Pods Resources */,
			);
			buildRules = (
			);
			dependencies = (
			);
			name = Scoutable;
			productName = Scoutable;
			productReference = FAB059742108F34100ABED45 /* Scoutable.app */;
			productType = "com.apple.product-type.application";
		};
/* End PBXNativeTarget section */

/* Begin PBXProject section */
		FAB0596C2108F34100ABED45 /* Project object */ = {
			isa = PBXProject;
			attributes = {
				LastSwiftUpdateCheck = 0940;
				LastUpgradeCheck = 0940;
				ORGANIZATIONNAME = RKIV;
				TargetAttributes = {
					FAB059732108F34100ABED45 = {
						CreatedOnToolsVersion = 9.4.1;
						SystemCapabilities = {
							com.apple.InAppPurchase = {
								enabled = 0;
							};
						};
					};
				};
			};
			buildConfigurationList = FAB0596F2108F34100ABED45 /* Build configuration list for PBXProject "Scoutable" */;
			compatibilityVersion = "Xcode 9.3";
			developmentRegion = en;
			hasScannedForEncodings = 0;
			knownRegions = (
				en,
				Base,
			);
			mainGroup = FAB0596B2108F34100ABED45;
			productRefGroup = FAB059752108F34100ABED45 /* Products */;
			projectDirPath = "";
			projectRoot = "";
			targets = (
				FAB059732108F34100ABED45 /* Scoutable */,
			);
		};
/* End PBXProject section */

/* Begin PBXResourcesBuildPhase section */
		FAB059722108F34100ABED45 /* Resources */ = {
			isa = PBXResourcesBuildPhase;
			buildActionMask = 2147483647;
			files = (
				FAB059852108F34300ABED45 /* LaunchScreen.storyboard in Resources */,
				FAB0598F2108F4B800ABED45 /* GoogleService-Info.plist in Resources */,
				FADA6D152110D93900C78618 /* filter-icon.png in Resources */,
				FAB059822108F34300ABED45 /* Assets.xcassets in Resources */,
				FAE11505210907D600BAEFB7 /* Login.storyboard in Resources */,
				FAB0597D2108F34100ABED45 /* Main.storyboard in Resources */,
			);
			runOnlyForDeploymentPostprocessing = 0;
		};
/* End PBXResourcesBuildPhase section */

/* Begin PBXShellScriptBuildPhase section */
		87A5074E99F9048D3CFF2FDD /* [CP] Embed Pods Frameworks */ = {
			isa = PBXShellScriptBuildPhase;
			buildActionMask = 2147483647;
			files = (
			);
			inputPaths = (
				"${SRCROOT}/Pods/Target Support Files/Pods-Scoutable/Pods-Scoutable-frameworks.sh",
				"${BUILT_PRODUCTS_DIR}/GTMSessionFetcher/GTMSessionFetcher.framework",
				"${BUILT_PRODUCTS_DIR}/GoogleToolboxForMac/GoogleToolboxForMac.framework",
				"${BUILT_PRODUCTS_DIR}/SwiftyJSON/SwiftyJSON.framework",
				"${BUILT_PRODUCTS_DIR}/leveldb-library/leveldb.framework",
				"${BUILT_PRODUCTS_DIR}/nanopb/nanopb.framework",
			);
			name = "[CP] Embed Pods Frameworks";
			outputPaths = (
				"${TARGET_BUILD_DIR}/${FRAMEWORKS_FOLDER_PATH}/GTMSessionFetcher.framework",
				"${TARGET_BUILD_DIR}/${FRAMEWORKS_FOLDER_PATH}/GoogleToolboxForMac.framework",
				"${TARGET_BUILD_DIR}/${FRAMEWORKS_FOLDER_PATH}/SwiftyJSON.framework",
				"${TARGET_BUILD_DIR}/${FRAMEWORKS_FOLDER_PATH}/leveldb.framework",
				"${TARGET_BUILD_DIR}/${FRAMEWORKS_FOLDER_PATH}/nanopb.framework",
			);
			runOnlyForDeploymentPostprocessing = 0;
			shellPath = /bin/sh;
			shellScript = "\"${SRCROOT}/Pods/Target Support Files/Pods-Scoutable/Pods-Scoutable-frameworks.sh\"\n";
			showEnvVarsInLog = 0;
		};
		AD44238AE2A95805309BC96D /* [CP] Copy Pods Resources */ = {
			isa = PBXShellScriptBuildPhase;
			buildActionMask = 2147483647;
			files = (
			);
			inputPaths = (
				"${SRCROOT}/Pods/Target Support Files/Pods-Scoutable/Pods-Scoutable-resources.sh",
				"${PODS_CONFIGURATION_BUILD_DIR}/FirebaseUI/FirebaseAuthUI.bundle",
			);
			name = "[CP] Copy Pods Resources";
			outputPaths = (
				"${TARGET_BUILD_DIR}/${UNLOCALIZED_RESOURCES_FOLDER_PATH}/FirebaseAuthUI.bundle",
			);
			runOnlyForDeploymentPostprocessing = 0;
			shellPath = /bin/sh;
			shellScript = "\"${SRCROOT}/Pods/Target Support Files/Pods-Scoutable/Pods-Scoutable-resources.sh\"\n";
			showEnvVarsInLog = 0;
		};
		C146CF0CBBB785D21A54AADB /* [CP] Check Pods Manifest.lock */ = {
			isa = PBXShellScriptBuildPhase;
			buildActionMask = 2147483647;
			files = (
			);
			inputPaths = (
				"${PODS_PODFILE_DIR_PATH}/Podfile.lock",
				"${PODS_ROOT}/Manifest.lock",
			);
			name = "[CP] Check Pods Manifest.lock";
			outputPaths = (
				"$(DERIVED_FILE_DIR)/Pods-Scoutable-checkManifestLockResult.txt",
			);
			runOnlyForDeploymentPostprocessing = 0;
			shellPath = /bin/sh;
			shellScript = "diff \"${PODS_PODFILE_DIR_PATH}/Podfile.lock\" \"${PODS_ROOT}/Manifest.lock\" > /dev/null\nif [ $? != 0 ] ; then\n    # print error to STDERR\n    echo \"error: The sandbox is not in sync with the Podfile.lock. Run 'pod install' or update your CocoaPods installation.\" >&2\n    exit 1\nfi\n# This output is used by Xcode 'outputs' to avoid re-running this script phase.\necho \"SUCCESS\" > \"${SCRIPT_OUTPUT_FILE_0}\"\n";
			showEnvVarsInLog = 0;
		};
/* End PBXShellScriptBuildPhase section */

/* Begin PBXSourcesBuildPhase section */
		FAB059702108F34100ABED45 /* Sources */ = {
			isa = PBXSourcesBuildPhase;
			buildActionMask = 2147483647;
			files = (
				FA0BC89B210AE6030089E1C1 /* SettingsController.swift in Sources */,
				FA035A59211225780040B10D /* DynamicTemplateController.swift in Sources */,
				FA41D73621126F2800BE50EE /* ScoutTeamRequestCellView.swift in Sources */,
				FA64971C210957C0002A40C1 /* BATeamSimple.swift in Sources */,
				FADCDA4D210F853E0044E841 /* ScoutCell.swift in Sources */,
				FA41D7462112926F00BE50EE /* MakeRequestController.swift in Sources */,
				FA0BC88E210A811F0089E1C1 /* IndividualTeamController.swift in Sources */,
				FA0BC88A210A59480089E1C1 /* EventCellView.swift in Sources */,
				FA41D73E2112724700BE50EE /* UserCellView.swift in Sources */,
				FAE115072109084700BAEFB7 /* LoginViewController.swift in Sources */,
				FA0BC897210ADD160089E1C1 /* StaticScoutingController.swift in Sources */,
				FA41D73821126F8E00BE50EE /* RequestsSentController.swift in Sources */,
				FAD2B678210E552D00320DFB /* NoteTemplateCellView.swift in Sources */,
				FA17B67C2109099C005FEF30 /* UserService.swift in Sources */,
				FAD2B67C210E59FB00320DFB /* NumpadTemplateCellView.swift in Sources */,
				FAD2B672210E4D7600320DFB /* StatictTemplateController.swift in Sources */,
				FA0BC890210A85430089E1C1 /* BATeam.swift in Sources */,
				FADCDA4B210EEAAA0044E841 /* NumpadCellView.swift in Sources */,
				FAE975C4210B6FB000E2A951 /* ChangeRoboticsTeamController.swift in Sources */,
				FADA6D192110F82400C78618 /* StatCellView.swift in Sources */,
				FAE975D4210BCF3F00E2A951 /* IndividualEventController.swift in Sources */,
				FAE975D2210BC32A00E2A951 /* EventsController.swift in Sources */,
				FADA6D222111743B00C78618 /* ChooseScoutingTeamController.swift in Sources */,
				FADCDA47210EEA880044E841 /* StepperCellView.swift in Sources */,
				FAE975CE210BBFC700E2A951 /* YourEventsController.swift in Sources */,
				FAE13441210CF0B700CF69BE /* SeperatorCellView.swift in Sources */,
				FA17B67F210909E0005FEF30 /* User.swift in Sources */,
				FA64971A21095758002A40C1 /* BlueAllianceAPIService.swift in Sources */,
				FADCDA45210EEA790044E841 /* NoteCellView.swift in Sources */,
				FA64972121096813002A40C1 /* TeamCellView.swift in Sources */,
				FAE1344B210D023C00CF69BE /* TeamsAtEventController.swift in Sources */,
				FAE975C8210B9F9300E2A951 /* BADistrict.swift in Sources */,
				FAB059802108F34100ABED45 /* Scoutable.xcdatamodeld in Sources */,
				FA17B68E21093F1F005FEF30 /* ScoutTeamService.swift in Sources */,
				FA41D73A211270A300BE50EE /* UsersController.swift in Sources */,
				FADA6D112110D00F00C78618 /* MatchesController.swift in Sources */,
				FAE975C6210B9EFA00E2A951 /* DistrictCellView.swift in Sources */,
				FAE1343D210CEDFE00CF69BE /* MatchCellView.swift in Sources */,
				FAE1344D210D061400CF69BE /* EventTeamCellView.swift in Sources */,
				FAD2B676210E54C900320DFB /* SwitchTemplateCellView.swift in Sources */,
				FAE975CC210BA4A000E2A951 /* DistrictsViewController.swift in Sources */,
				FAB0597A2108F34100ABED45 /* TeamsController.swift in Sources */,
				FA035A5521118E3F0040B10D /* DynamicScoutingController.swift in Sources */,
				FAE975C0210B0C6800E2A951 /* ReceivedRequestCellView.swift in Sources */,
				FA41D7422112785900BE50EE /* CurrentScoutTeamCell.swift in Sources */,
				FADA6D202111726300C78618 /* ChooseTeamCellView.swift in Sources */,
				FA17B68621090CA3005FEF30 /* ScoutTeamController.swift in Sources */,
				FA0BC895210AD3090089E1C1 /* Constants.swift in Sources */,
				FA0BC886210A52340089E1C1 /* BAEvent.swift in Sources */,
				FA0BC89D210AEE080089E1C1 /* RequestsReceivedController.swift in Sources */,
				FA649729210A3E6D002A40C1 /* NoPersonalTeamCellView.swift in Sources */,
				FA17B68221090AA6005FEF30 /* Storyboard+Utility.swift in Sources */,
				FADA6D1E2110F9E600C78618 /* IndividualMatchController.swift in Sources */,
				FADCDA49210EEA980044E841 /* SwitchCellView.swift in Sources */,
				FA0BC892210ACD6E0089E1C1 /* ScoutDataService.swift in Sources */,
				FAD2B67E210E691200320DFB /* ScoutTemplateCell.swift in Sources */,
				FAD2B674210E544900320DFB /* StepperTemplateCellView.swift in Sources */,
				FAB059782108F34100ABED45 /* AppDelegate.swift in Sources */,
				FA17B6882109107D005FEF30 /* UsernameController.swift in Sources */,
				FA17B68A21093C1B005FEF30 /* TeamCreationController.swift in Sources */,
			);
			runOnlyForDeploymentPostprocessing = 0;
		};
/* End PBXSourcesBuildPhase section */

/* Begin PBXVariantGroup section */
		FAB0597B2108F34100ABED45 /* Main.storyboard */ = {
			isa = PBXVariantGroup;
			children = (
				FAB0597C2108F34100ABED45 /* Base */,
			);
			name = Main.storyboard;
			sourceTree = "<group>";
		};
		FAB059832108F34300ABED45 /* LaunchScreen.storyboard */ = {
			isa = PBXVariantGroup;
			children = (
				FAB059842108F34300ABED45 /* Base */,
			);
			name = LaunchScreen.storyboard;
			sourceTree = "<group>";
		};
/* End PBXVariantGroup section */

/* Begin XCBuildConfiguration section */
		FAB059872108F34400ABED45 /* Debug */ = {
			isa = XCBuildConfiguration;
			buildSettings = {
				ALWAYS_SEARCH_USER_PATHS = NO;
				CLANG_ANALYZER_NONNULL = YES;
				CLANG_ANALYZER_NUMBER_OBJECT_CONVERSION = YES_AGGRESSIVE;
				CLANG_CXX_LANGUAGE_STANDARD = "gnu++14";
				CLANG_CXX_LIBRARY = "libc++";
				CLANG_ENABLE_MODULES = YES;
				CLANG_ENABLE_OBJC_ARC = YES;
				CLANG_ENABLE_OBJC_WEAK = YES;
				CLANG_WARN_BLOCK_CAPTURE_AUTORELEASING = YES;
				CLANG_WARN_BOOL_CONVERSION = YES;
				CLANG_WARN_COMMA = YES;
				CLANG_WARN_CONSTANT_CONVERSION = YES;
				CLANG_WARN_DEPRECATED_OBJC_IMPLEMENTATIONS = YES;
				CLANG_WARN_DIRECT_OBJC_ISA_USAGE = YES_ERROR;
				CLANG_WARN_DOCUMENTATION_COMMENTS = YES;
				CLANG_WARN_EMPTY_BODY = YES;
				CLANG_WARN_ENUM_CONVERSION = YES;
				CLANG_WARN_INFINITE_RECURSION = YES;
				CLANG_WARN_INT_CONVERSION = YES;
				CLANG_WARN_NON_LITERAL_NULL_CONVERSION = YES;
				CLANG_WARN_OBJC_IMPLICIT_RETAIN_SELF = YES;
				CLANG_WARN_OBJC_LITERAL_CONVERSION = YES;
				CLANG_WARN_OBJC_ROOT_CLASS = YES_ERROR;
				CLANG_WARN_RANGE_LOOP_ANALYSIS = YES;
				CLANG_WARN_STRICT_PROTOTYPES = YES;
				CLANG_WARN_SUSPICIOUS_MOVE = YES;
				CLANG_WARN_UNGUARDED_AVAILABILITY = YES_AGGRESSIVE;
				CLANG_WARN_UNREACHABLE_CODE = YES;
				CLANG_WARN__DUPLICATE_METHOD_MATCH = YES;
				CODE_SIGN_IDENTITY = "iPhone Developer";
				COPY_PHASE_STRIP = NO;
				DEBUG_INFORMATION_FORMAT = dwarf;
				ENABLE_STRICT_OBJC_MSGSEND = YES;
				ENABLE_TESTABILITY = YES;
				GCC_C_LANGUAGE_STANDARD = gnu11;
				GCC_DYNAMIC_NO_PIC = NO;
				GCC_NO_COMMON_BLOCKS = YES;
				GCC_OPTIMIZATION_LEVEL = 0;
				GCC_PREPROCESSOR_DEFINITIONS = (
					"DEBUG=1",
					"$(inherited)",
				);
				GCC_WARN_64_TO_32_BIT_CONVERSION = YES;
				GCC_WARN_ABOUT_RETURN_TYPE = YES_ERROR;
				GCC_WARN_UNDECLARED_SELECTOR = YES;
				GCC_WARN_UNINITIALIZED_AUTOS = YES_AGGRESSIVE;
				GCC_WARN_UNUSED_FUNCTION = YES;
				GCC_WARN_UNUSED_VARIABLE = YES;
				IPHONEOS_DEPLOYMENT_TARGET = 11.4;
				MTL_ENABLE_DEBUG_INFO = YES;
				ONLY_ACTIVE_ARCH = YES;
				SDKROOT = iphoneos;
				SWIFT_ACTIVE_COMPILATION_CONDITIONS = DEBUG;
				SWIFT_OPTIMIZATION_LEVEL = "-Onone";
			};
			name = Debug;
		};
		FAB059882108F34400ABED45 /* Release */ = {
			isa = XCBuildConfiguration;
			buildSettings = {
				ALWAYS_SEARCH_USER_PATHS = NO;
				CLANG_ANALYZER_NONNULL = YES;
				CLANG_ANALYZER_NUMBER_OBJECT_CONVERSION = YES_AGGRESSIVE;
				CLANG_CXX_LANGUAGE_STANDARD = "gnu++14";
				CLANG_CXX_LIBRARY = "libc++";
				CLANG_ENABLE_MODULES = YES;
				CLANG_ENABLE_OBJC_ARC = YES;
				CLANG_ENABLE_OBJC_WEAK = YES;
				CLANG_WARN_BLOCK_CAPTURE_AUTORELEASING = YES;
				CLANG_WARN_BOOL_CONVERSION = YES;
				CLANG_WARN_COMMA = YES;
				CLANG_WARN_CONSTANT_CONVERSION = YES;
				CLANG_WARN_DEPRECATED_OBJC_IMPLEMENTATIONS = YES;
				CLANG_WARN_DIRECT_OBJC_ISA_USAGE = YES_ERROR;
				CLANG_WARN_DOCUMENTATION_COMMENTS = YES;
				CLANG_WARN_EMPTY_BODY = YES;
				CLANG_WARN_ENUM_CONVERSION = YES;
				CLANG_WARN_INFINITE_RECURSION = YES;
				CLANG_WARN_INT_CONVERSION = YES;
				CLANG_WARN_NON_LITERAL_NULL_CONVERSION = YES;
				CLANG_WARN_OBJC_IMPLICIT_RETAIN_SELF = YES;
				CLANG_WARN_OBJC_LITERAL_CONVERSION = YES;
				CLANG_WARN_OBJC_ROOT_CLASS = YES_ERROR;
				CLANG_WARN_RANGE_LOOP_ANALYSIS = YES;
				CLANG_WARN_STRICT_PROTOTYPES = YES;
				CLANG_WARN_SUSPICIOUS_MOVE = YES;
				CLANG_WARN_UNGUARDED_AVAILABILITY = YES_AGGRESSIVE;
				CLANG_WARN_UNREACHABLE_CODE = YES;
				CLANG_WARN__DUPLICATE_METHOD_MATCH = YES;
				CODE_SIGN_IDENTITY = "iPhone Developer";
				COPY_PHASE_STRIP = NO;
				DEBUG_INFORMATION_FORMAT = "dwarf-with-dsym";
				ENABLE_NS_ASSERTIONS = NO;
				ENABLE_STRICT_OBJC_MSGSEND = YES;
				GCC_C_LANGUAGE_STANDARD = gnu11;
				GCC_NO_COMMON_BLOCKS = YES;
				GCC_WARN_64_TO_32_BIT_CONVERSION = YES;
				GCC_WARN_ABOUT_RETURN_TYPE = YES_ERROR;
				GCC_WARN_UNDECLARED_SELECTOR = YES;
				GCC_WARN_UNINITIALIZED_AUTOS = YES_AGGRESSIVE;
				GCC_WARN_UNUSED_FUNCTION = YES;
				GCC_WARN_UNUSED_VARIABLE = YES;
				IPHONEOS_DEPLOYMENT_TARGET = 11.4;
				MTL_ENABLE_DEBUG_INFO = NO;
				SDKROOT = iphoneos;
				SWIFT_COMPILATION_MODE = wholemodule;
				SWIFT_OPTIMIZATION_LEVEL = "-O";
				VALIDATE_PRODUCT = YES;
			};
			name = Release;
		};
		FAB0598A2108F34400ABED45 /* Debug */ = {
			isa = XCBuildConfiguration;
			baseConfigurationReference = DC1EFCAA12612E1B31142F4B /* Pods-Scoutable.debug.xcconfig */;
			buildSettings = {
				ASSETCATALOG_COMPILER_APPICON_NAME = AppIcon;
				CODE_SIGN_STYLE = Automatic;
				DEVELOPMENT_TEAM = 2Z8K4BDAJ4;
				INFOPLIST_FILE = Scoutable/Info.plist;
				IPHONEOS_DEPLOYMENT_TARGET = 10.3;
				LD_RUNPATH_SEARCH_PATHS = (
					"$(inherited)",
					"@executable_path/Frameworks",
				);
				PRODUCT_BUNDLE_IDENTIFIER = com.RKIV.Scoutable;
				PRODUCT_NAME = "$(TARGET_NAME)";
				SWIFT_VERSION = 4.0;
				TARGETED_DEVICE_FAMILY = 1;
			};
			name = Debug;
		};
		FAB0598B2108F34400ABED45 /* Release */ = {
			isa = XCBuildConfiguration;
			baseConfigurationReference = F65E5F5A969B242D7D2AFB91 /* Pods-Scoutable.release.xcconfig */;
			buildSettings = {
				ASSETCATALOG_COMPILER_APPICON_NAME = AppIcon;
				CODE_SIGN_STYLE = Automatic;
				DEVELOPMENT_TEAM = 2Z8K4BDAJ4;
				INFOPLIST_FILE = Scoutable/Info.plist;
				IPHONEOS_DEPLOYMENT_TARGET = 10.3;
				LD_RUNPATH_SEARCH_PATHS = (
					"$(inherited)",
					"@executable_path/Frameworks",
				);
				PRODUCT_BUNDLE_IDENTIFIER = com.RKIV.Scoutable;
				PRODUCT_NAME = "$(TARGET_NAME)";
				SWIFT_VERSION = 4.0;
				TARGETED_DEVICE_FAMILY = 1;
			};
			name = Release;
		};
/* End XCBuildConfiguration section */

/* Begin XCConfigurationList section */
		FAB0596F2108F34100ABED45 /* Build configuration list for PBXProject "Scoutable" */ = {
			isa = XCConfigurationList;
			buildConfigurations = (
				FAB059872108F34400ABED45 /* Debug */,
				FAB059882108F34400ABED45 /* Release */,
			);
			defaultConfigurationIsVisible = 0;
			defaultConfigurationName = Release;
		};
		FAB059892108F34400ABED45 /* Build configuration list for PBXNativeTarget "Scoutable" */ = {
			isa = XCConfigurationList;
			buildConfigurations = (
				FAB0598A2108F34400ABED45 /* Debug */,
				FAB0598B2108F34400ABED45 /* Release */,
			);
			defaultConfigurationIsVisible = 0;
			defaultConfigurationName = Release;
		};
/* End XCConfigurationList section */

/* Begin XCVersionGroup section */
		FAB0597E2108F34100ABED45 /* Scoutable.xcdatamodeld */ = {
			isa = XCVersionGroup;
			children = (
				FAB0597F2108F34100ABED45 /* Scoutable.xcdatamodel */,
			);
			currentVersion = FAB0597F2108F34100ABED45 /* Scoutable.xcdatamodel */;
			path = Scoutable.xcdatamodeld;
			sourceTree = "<group>";
			versionGroupType = wrapper.xcdatamodel;
		};
/* End XCVersionGroup section */
	};
	rootObject = FAB0596C2108F34100ABED45 /* Project object */;
}
